# This file is automatically @generated by Cargo.
# It is not intended for manual editing.
version = 4

[[package]]
name = "aoc-2025-day-1"
version = "1.0.0"

[[package]]
name = "aoc-2025-day-2"
version = "1.0.0"

[[package]]
name = "aoc-2025-day-3"
version = "1.0.0"

[[package]]
name = "aoc-2025-runner"
version = "1.0.0"
